
Microsoft Visual Studio Solution File, Format Version 12.00
# Visual Studio Version 17
VisualStudioVersion = 17.14.35906.104 d17.14
MinimumVisualStudioVersion = 10.0.40219.1
Project("{FAE04EC0-301F-11D3-BF4B-00C04F79EFBC}") = "Toolshed.Sql", "Toolshed.Sql\Toolshed.Sql.csproj", "{8271F522-7E79-457D-869F-C20333CA027B}"
EndProject
Global
	GlobalSection(SolutionConfigurationPlatforms) = preSolution
		Debug|Any CPU = Debug|Any CPU
		Release|Any CPU = Release|Any CPU
	EndGlobalSection
	GlobalSection(ProjectConfigurationPlatforms) = postSolution
		{8271F522-7E79-457D-869F-C20333CA027B}.Debug|Any CPU.ActiveCfg = Debug|Any CPU
		{8271F522-7E79-457D-869F-C20333CA027B}.Debug|Any CPU.Build.0 = Debug|Any CPU
		{8271F522-7E79-457D-869F-C20333CA027B}.Release|Any CPU.ActiveCfg = Release|Any CPU
		{8271F522-7E79-457D-869F-C20333CA027B}.Release|Any CPU.Build.0 = Release|Any CPU
	EndGlobalSection
	GlobalSection(SolutionProperties) = preSolution
		HideSolutionNode = FALSE
	EndGlobalSection
	GlobalSection(ExtensibilityGlobals) = postSolution
		SolutionGuid = {19F8DD97-8EB4-4AAE-83CE-BCD5097F9E59}
	EndGlobalSection
EndGlobal
